
Microsoft Visual Studio Solution File, Format Version 12.00
# Visual Studio Version 17
VisualStudioVersion = 17.3.32929.385
MinimumVisualStudioVersion = 10.0.40219.1
Project("{FAE04EC0-301F-11D3-BF4B-00C04F79EFBC}") = "SampleWebAPI", "SampleWebAPI\SampleWebAPI.csproj", "{F36A86CA-D6D3-4D5F-8555-35A8AEECE48B}"
EndProject
Global
	GlobalSection(SolutionConfigurationPlatforms) = preSolution
		Debug|Any CPU = Debug|Any CPU
		Release|Any CPU = Release|Any CPU
	EndGlobalSection
	GlobalSection(ProjectConfigurationPlatforms) = postSolution
		{F36A86CA-D6D3-4D5F-8555-35A8AEECE48B}.Debug|Any CPU.ActiveCfg = Debug|Any CPU
		{F36A86CA-D6D3-4D5F-8555-35A8AEECE48B}.Debug|Any CPU.Build.0 = Debug|Any CPU
		{F36A86CA-D6D3-4D5F-8555-35A8AEECE48B}.Release|Any CPU.ActiveCfg = Release|Any CPU
		{F36A86CA-D6D3-4D5F-8555-35A8AEECE48B}.Release|Any CPU.Build.0 = Release|Any CPU
	EndGlobalSection
	GlobalSection(SolutionProperties) = preSolution
		HideSolutionNode = FALSE
	EndGlobalSection
	GlobalSection(ExtensibilityGlobals) = postSolution
		SolutionGuid = {035E4B2A-41BA-4946-87F0-322565C264A7}
	EndGlobalSection
EndGlobal
